Microsoft Visual Studio Solution File, Format Version 11.00
# Visual Studio 2008

Project("{9CBB6F79-AF08-B826-B7B3-407F23064106}") = "Moment", "Assembly-CSharp.csproj", "{04489005-0E01-FED4-12B6-9A6C7DC8EF1E}"
EndProject
Global
	GlobalSection(SolutionConfigurationPlatforms) = preSolution
		Debug|Any CPU = Debug|Any CPU
		Release|Any CPU = Release|Any CPU
	EndGlobalSection
	GlobalSection(ProjectConfigurationPlatforms) = postSolution
		{04489005-0E01-FED4-12B6-9A6C7DC8EF1E}.Debug|Any CPU.ActiveCfg = Debug|Any CPU
		{04489005-0E01-FED4-12B6-9A6C7DC8EF1E}.Debug|Any CPU.Build.0 = Debug|Any CPU
		{04489005-0E01-FED4-12B6-9A6C7DC8EF1E}.Release|Any CPU.ActiveCfg = Release|Any CPU
		{04489005-0E01-FED4-12B6-9A6C7DC8EF1E}.Release|Any CPU.Build.0 = Release|Any CPU
	EndGlobalSection
	GlobalSection(SolutionProperties) = preSolution
		HideSolutionNode = FALSE
	EndGlobalSection
	GlobalSection(MonoDevelopProperties) = preSolution
		StartupItem = Assembly-CSharp.csproj
	EndGlobalSection
EndGlobal
